
Microsoft Visual Studio Solution File, Format Version 12.00
# Visual Studio Version 17
VisualStudioVersion = 17.5.33530.505
MinimumVisualStudioVersion = 10.0.40219.1
Project("{FAE04EC0-301F-11D3-BF4B-00C04F79EFBC}") = "IdentityApp", "IdentityApp\IdentityApp.csproj", "{5071C5A0-8F73-437C-B517-F165E5221B87}"
EndProject
Global
	GlobalSection(SolutionConfigurationPlatforms) = preSolution
		Debug|Any CPU = Debug|Any CPU
		Release|Any CPU = Release|Any CPU
	EndGlobalSection
	GlobalSection(ProjectConfigurationPlatforms) = postSolution
		{5071C5A0-8F73-437C-B517-F165E5221B87}.Debug|Any CPU.ActiveCfg = Debug|Any CPU
		{5071C5A0-8F73-437C-B517-F165E5221B87}.Debug|Any CPU.Build.0 = Debug|Any CPU
		{5071C5A0-8F73-437C-B517-F165E5221B87}.Release|Any CPU.ActiveCfg = Release|Any CPU
		{5071C5A0-8F73-437C-B517-F165E5221B87}.Release|Any CPU.Build.0 = Release|Any CPU
	EndGlobalSection
	GlobalSection(SolutionProperties) = preSolution
		HideSolutionNode = FALSE
	EndGlobalSection
	GlobalSection(ExtensibilityGlobals) = postSolution
		SolutionGuid = {EBE8876E-41A4-4F3A-A169-217374EC006A}
	EndGlobalSection
EndGlobal
