
Microsoft Visual Studio Solution File, Format Version 12.00
# Visual Studio Version 17
VisualStudioVersion = 17.5.33516.290
MinimumVisualStudioVersion = 10.0.40219.1
Project("{FAE04EC0-301F-11D3-BF4B-00C04F79EFBC}") = "ContosoApp", "ContosoApp\ContosoApp.csproj", "{AA19E2CC-7C62-4A64-B84F-55347E42CE71}"
EndProject
Global
	GlobalSection(SolutionConfigurationPlatforms) = preSolution
		Debug|Any CPU = Debug|Any CPU
		Release|Any CPU = Release|Any CPU
	EndGlobalSection
	GlobalSection(ProjectConfigurationPlatforms) = postSolution
		{AA19E2CC-7C62-4A64-B84F-55347E42CE71}.Debug|Any CPU.ActiveCfg = Debug|Any CPU
		{AA19E2CC-7C62-4A64-B84F-55347E42CE71}.Debug|Any CPU.Build.0 = Debug|Any CPU
		{AA19E2CC-7C62-4A64-B84F-55347E42CE71}.Release|Any CPU.ActiveCfg = Release|Any CPU
		{AA19E2CC-7C62-4A64-B84F-55347E42CE71}.Release|Any CPU.Build.0 = Release|Any CPU
	EndGlobalSection
	GlobalSection(SolutionProperties) = preSolution
		HideSolutionNode = FALSE
	EndGlobalSection
	GlobalSection(ExtensibilityGlobals) = postSolution
		SolutionGuid = {3B4892F7-D9F1-40FE-B185-CF8FB661916C}
	EndGlobalSection
EndGlobal
