
Microsoft Visual Studio Solution File, Format Version 12.00
# Visual Studio Version 17
VisualStudioVersion = 17.5.33530.505
MinimumVisualStudioVersion = 10.0.40219.1
Project("{9A19103F-16F7-4668-BE54-9A1E7A4F7556}") = "WebApiFirst", "WebApiFirst\WebApiFirst.csproj", "{312C9A5E-0F3E-409C-9859-9FF7009D8A67}"
EndProject
Project("{FAE04EC0-301F-11D3-BF4B-00C04F79EFBC}") = "TestProject4Api", "TestProject4Api\TestProject4Api.csproj", "{985DA952-8D3B-43C2-A63B-328CCF299811}"
	ProjectSection(ProjectDependencies) = postProject
		{312C9A5E-0F3E-409C-9859-9FF7009D8A67} = {312C9A5E-0F3E-409C-9859-9FF7009D8A67}
	EndProjectSection
EndProject
Global
	GlobalSection(SolutionConfigurationPlatforms) = preSolution
		Debug|Any CPU = Debug|Any CPU
		Release|Any CPU = Release|Any CPU
	EndGlobalSection
	GlobalSection(ProjectConfigurationPlatforms) = postSolution
		{312C9A5E-0F3E-409C-9859-9FF7009D8A67}.Debug|Any CPU.ActiveCfg = Debug|Any CPU
		{312C9A5E-0F3E-409C-9859-9FF7009D8A67}.Debug|Any CPU.Build.0 = Debug|Any CPU
		{312C9A5E-0F3E-409C-9859-9FF7009D8A67}.Release|Any CPU.ActiveCfg = Release|Any CPU
		{312C9A5E-0F3E-409C-9859-9FF7009D8A67}.Release|Any CPU.Build.0 = Release|Any CPU
		{985DA952-8D3B-43C2-A63B-328CCF299811}.Debug|Any CPU.ActiveCfg = Debug|Any CPU
		{985DA952-8D3B-43C2-A63B-328CCF299811}.Debug|Any CPU.Build.0 = Debug|Any CPU
		{985DA952-8D3B-43C2-A63B-328CCF299811}.Release|Any CPU.ActiveCfg = Release|Any CPU
		{985DA952-8D3B-43C2-A63B-328CCF299811}.Release|Any CPU.Build.0 = Release|Any CPU
	EndGlobalSection
	GlobalSection(SolutionProperties) = preSolution
		HideSolutionNode = FALSE
	EndGlobalSection
	GlobalSection(ExtensibilityGlobals) = postSolution
		SolutionGuid = {1AF97A2F-5D56-4105-8911-44A55DD90F2E}
	EndGlobalSection
EndGlobal
